
Microsoft Visual Studio Solution File, Format Version 12.00
# Visual Studio Version 17
VisualStudioVersion = 17.4.33205.214
MinimumVisualStudioVersion = 10.0.40219.1
Project("{FAE04EC0-301F-11D3-BF4B-00C04F79EFBC}") = "GtkSharp.Sample", "GtkSharp.Sample\GtkSharp.Sample.csproj", "{3C69DFDA-729A-4590-8420-EA455873DDE9}"
EndProject
Global
	GlobalSection(SolutionConfigurationPlatforms) = preSolution
		Debug|Any CPU = Debug|Any CPU
		Release|Any CPU = Release|Any CPU
	EndGlobalSection
	GlobalSection(ProjectConfigurationPlatforms) = postSolution
		{3C69DFDA-729A-4590-8420-EA455873DDE9}.Debug|Any CPU.ActiveCfg = Debug|Any CPU
		{3C69DFDA-729A-4590-8420-EA455873DDE9}.Debug|Any CPU.Build.0 = Debug|Any CPU
		{3C69DFDA-729A-4590-8420-EA455873DDE9}.Release|Any CPU.ActiveCfg = Release|Any CPU
		{3C69DFDA-729A-4590-8420-EA455873DDE9}.Release|Any CPU.Build.0 = Release|Any CPU
	EndGlobalSection
	GlobalSection(SolutionProperties) = preSolution
		HideSolutionNode = FALSE
	EndGlobalSection
	GlobalSection(ExtensibilityGlobals) = postSolution
		SolutionGuid = {62D3E279-A666-415C-9196-C5F7F5AD9E1D}
	EndGlobalSection
EndGlobal
